
Microsoft Visual Studio Solution File, Format Version 12.00
# Visual Studio Version 17
VisualStudioVersion = 17.8.34511.84
MinimumVisualStudioVersion = 10.0.40219.1
Project("{FAE04EC0-301F-11D3-BF4B-00C04F79EFBC}") = "Labb3SQL", "Labb3SQL\Labb3SQL.csproj", "{D79DEF71-2C62-4B9D-BC25-4C585A586D2E}"
EndProject
Global
	GlobalSection(SolutionConfigurationPlatforms) = preSolution
		Debug|Any CPU = Debug|Any CPU
		Release|Any CPU = Release|Any CPU
	EndGlobalSection
	GlobalSection(ProjectConfigurationPlatforms) = postSolution
		{D79DEF71-2C62-4B9D-BC25-4C585A586D2E}.Debug|Any CPU.ActiveCfg = Debug|Any CPU
		{D79DEF71-2C62-4B9D-BC25-4C585A586D2E}.Debug|Any CPU.Build.0 = Debug|Any CPU
		{D79DEF71-2C62-4B9D-BC25-4C585A586D2E}.Release|Any CPU.ActiveCfg = Release|Any CPU
		{D79DEF71-2C62-4B9D-BC25-4C585A586D2E}.Release|Any CPU.Build.0 = Release|Any CPU
	EndGlobalSection
	GlobalSection(SolutionProperties) = preSolution
		HideSolutionNode = FALSE
	EndGlobalSection
	GlobalSection(ExtensibilityGlobals) = postSolution
		SolutionGuid = {2A5E8C19-609F-4840-AD0E-DEAA64DEC1DD}
	EndGlobalSection
EndGlobal
